
Microsoft Visual Studio Solution File, Format Version 12.00
# Visual Studio Version 17
VisualStudioVersion = 17.7.34221.43
MinimumVisualStudioVersion = 10.0.40219.1
Project("{FAE04EC0-301F-11D3-BF4B-00C04F79EFBC}") = "SocketServer", "SocketServer\SocketServer.csproj", "{03864541-4A9B-4762-8D6B-ECD3FB2E2252}"
EndProject
Global
	GlobalSection(SolutionConfigurationPlatforms) = preSolution
		Debug|Any CPU = Debug|Any CPU
		Release|Any CPU = Release|Any CPU
	EndGlobalSection
	GlobalSection(ProjectConfigurationPlatforms) = postSolution
		{03864541-4A9B-4762-8D6B-ECD3FB2E2252}.Debug|Any CPU.ActiveCfg = Debug|Any CPU
		{03864541-4A9B-4762-8D6B-ECD3FB2E2252}.Debug|Any CPU.Build.0 = Debug|Any CPU
		{03864541-4A9B-4762-8D6B-ECD3FB2E2252}.Release|Any CPU.ActiveCfg = Release|Any CPU
		{03864541-4A9B-4762-8D6B-ECD3FB2E2252}.Release|Any CPU.Build.0 = Release|Any CPU
	EndGlobalSection
	GlobalSection(SolutionProperties) = preSolution
		HideSolutionNode = FALSE
	EndGlobalSection
	GlobalSection(ExtensibilityGlobals) = postSolution
		SolutionGuid = {75E4863D-CB2E-4C88-945F-99D89FBE6E99}
	EndGlobalSection
EndGlobal
